
Microsoft Visual Studio Solution File, Format Version 12.00
# Visual Studio Version 17
VisualStudioVersion = 17.5.33424.131
MinimumVisualStudioVersion = 10.0.40219.1
Project("{FAE04EC0-301F-11D3-BF4B-00C04F79EFBC}") = "gamifica", "gamifica1\gamifica.csproj", "{52ABE39E-6B93-45AD-AEC1-86DA7EC3FC63}"
EndProject
Global
	GlobalSection(SolutionConfigurationPlatforms) = preSolution
		Debug|Any CPU = Debug|Any CPU
		Release|Any CPU = Release|Any CPU
	EndGlobalSection
	GlobalSection(ProjectConfigurationPlatforms) = postSolution
		{52ABE39E-6B93-45AD-AEC1-86DA7EC3FC63}.Debug|Any CPU.ActiveCfg = Debug|Any CPU
		{52ABE39E-6B93-45AD-AEC1-86DA7EC3FC63}.Debug|Any CPU.Build.0 = Debug|Any CPU
		{52ABE39E-6B93-45AD-AEC1-86DA7EC3FC63}.Release|Any CPU.ActiveCfg = Release|Any CPU
		{52ABE39E-6B93-45AD-AEC1-86DA7EC3FC63}.Release|Any CPU.Build.0 = Release|Any CPU
	EndGlobalSection
	GlobalSection(SolutionProperties) = preSolution
		HideSolutionNode = FALSE
	EndGlobalSection
	GlobalSection(ExtensibilityGlobals) = postSolution
		SolutionGuid = {0B06415A-134B-4A87-AB42-649A9D22F367}
	EndGlobalSection
EndGlobal
